// !$*UTF8*$!
{
	archiveVersion = 1;
	classes = {
	};
	objectVersion = 55;
	objects = {

/* Begin PBXBuildFile section */
		C24C25F9275F50C700E0FC0D /* AppDelegate.swift in Sources */ = {isa = PBXBuildFile; fileRef = C24C25F8275F50C700E0FC0D /* AppDelegate.swift */; };
		C24C25FB275F50C700E0FC0D /* SceneDelegate.swift in Sources */ = {isa = PBXBuildFile; fileRef = C24C25FA275F50C700E0FC0D /* SceneDelegate.swift */; };
		C24C25FD275F50C700E0FC0D /* QuestionViewController.swift in Sources */ = {isa = PBXBuildFile; fileRef = C24C25FC275F50C700E0FC0D /* QuestionViewController.swift */; };
		C24C2600275F50C700E0FC0D /* Main.storyboard in Resources */ = {isa = PBXBuildFile; fileRef = C24C25FE275F50C700E0FC0D /* Main.storyboard */; };
		C24C2602275F50D200E0FC0D /* Assets.xcassets in Resources */ = {isa = PBXBuildFile; fileRef = C24C2601275F50D200E0FC0D /* Assets.xcassets */; };
		C24C2605275F50D200E0FC0D /* LaunchScreen.storyboard in Resources */ = {isa = PBXBuildFile; fileRef = C24C2603275F50D200E0FC0D /* LaunchScreen.storyboard */; };
		C24C260D275F52B600E0FC0D /* Question.swift in Sources */ = {isa = PBXBuildFile; fileRef = C24C260C275F52B600E0FC0D /* Question.swift */; };
		C24C260F275F5D9A00E0FC0D /* ResultViewController.swift in Sources */ = {isa = PBXBuildFile; fileRef = C24C260E275F5D9900E0FC0D /* ResultViewController.swift */; };
		C24C2611275F73F400E0FC0D /* huninn.ttf in Resources */ = {isa = PBXBuildFile; fileRef = C24C2610275F73F200E0FC0D /* huninn.ttf */; };
/* End PBXBuildFile section */

/* Begin PBXFileReference section */
		C24C25F5275F50C700E0FC0D /* HspTest.app */ = {isa = PBXFileReference; explicitFileType = wrapper.application; includeInIndex = 0; path = HspTest.app; sourceTree = BUILT_PRODUCTS_DIR; };
		C24C25F8275F50C700E0FC0D /* AppDelegate.swift */ = {isa = PBXFileReference; lastKnownFileType = sourcecode.swift; path = AppDelegate.swift; sourceTree = "<group>"; };
		C24C25FA275F50C700E0FC0D /* SceneDelegate.swift */ = {isa = PBXFileReference; lastKnownFileType = sourcecode.swift; path = SceneDelegate.swift; sourceTree = "<group>"; };
		C24C25FC275F50C700E0FC0D /* QuestionViewController.swift */ = {isa = PBXFileReference; lastKnownFileType = sourcecode.swift; path = QuestionViewController.swift; sourceTree = "<group>"; };
		C24C25FF275F50C700E0FC0D /* Base */ = {isa = PBXFileReference; lastKnownFileType = file.storyboard; name = Base; path = Base.lproj/Main.storyboard; sourceTree = "<group>"; };
		C24C2601275F50D200E0FC0D /* Assets.xcassets */ = {isa = PBXFileReference; lastKnownFileType = folder.assetcatalog; path = Assets.xcassets; sourceTree = "<group>"; };
		C24C2604275F50D200E0FC0D /* Base */ = {isa = PBXFileReference; lastKnownFileType = file.storyboard; name = Base; path = Base.lproj/LaunchScreen.storyboard; sourceTree = "<group>"; };
		C24C2606275F50D200E0FC0D /* Info.plist */ = {isa = PBXFileReference; lastKnownFileType = text.plist.xml; path = Info.plist; sourceTree = "<group>"; };
		C24C260C275F52B600E0FC0D /* Question.swift */ = {isa = PBXFileReference; lastKnownFileType = sourcecode.swift; path = Question.swift; sourceTree = "<group>"; };
		C24C260E275F5D9900E0FC0D /* ResultViewController.swift */ = {isa = PBXFileReference; lastKnownFileType = sourcecode.swift; path = ResultViewController.swift; sourceTree = "<group>"; };
		C24C2610275F73F200E0FC0D /* huninn.ttf */ = {isa = PBXFileReference; lastKnownFileType = file; path = huninn.ttf; sourceTree = "<group>"; };
/* End PBXFileReference section */

/* Begin PBXFrameworksBuildPhase section */
		C24C25F2275F50C700E0FC0D /* Frameworks */ = {
			isa = PBXFrameworksBuildPhase;
			buildActionMask = 2147483647;
			files = (
			);
			runOnlyForDeploymentPostprocessing = 0;
		};
/* End PBXFrameworksBuildPhase section */

/* Begin PBXGroup section */
		C24C25EC275F50C700E0FC0D = {
			isa = PBXGroup;
			children = (
				C24C25F7275F50C700E0FC0D /* HspTest */,
				C24C25F6275F50C700E0FC0D /* Products */,
			);
			sourceTree = "<group>";
		};
		C24C25F6275F50C700E0FC0D /* Products */ = {
			isa = PBXGroup;
			children = (
				C24C25F5275F50C700E0FC0D /* HspTest.app */,
			);
			name = Products;
			sourceTree = "<group>";
		};
		C24C25F7275F50C700E0FC0D /* HspTest */ = {
			isa = PBXGroup;
			children = (
				C24C2610275F73F200E0FC0D /* huninn.ttf */,
				C24C25F8275F50C700E0FC0D /* AppDelegate.swift */,
				C24C25FA275F50C700E0FC0D /* SceneDelegate.swift */,
				C24C25FC275F50C700E0FC0D /* QuestionViewController.swift */,
				C24C25FE275F50C700E0FC0D /* Main.storyboard */,
				C24C2601275F50D200E0FC0D /* Assets.xcassets */,
				C24C2603275F50D200E0FC0D /* LaunchScreen.storyboard */,
				C24C2606275F50D200E0FC0D /* Info.plist */,
				C24C260C275F52B600E0FC0D /* Question.swift */,
				C24C260E275F5D9900E0FC0D /* ResultViewController.swift */,
			);
			path = HspTest;
			sourceTree = "<group>";
		};
/* End PBXGroup section */

/* Begin PBXNativeTarget section */
		C24C25F4275F50C700E0FC0D /* HspTest */ = {
			isa = PBXNativeTarget;
			buildConfigurationList = C24C2609275F50D200E0FC0D /* Build configuration list for PBXNativeTarget "HspTest" */;
			buildPhases = (
				C24C25F1275F50C700E0FC0D /* Sources */,
				C24C25F2275F50C700E0FC0D /* Frameworks */,
				C24C25F3275F50C700E0FC0D /* Resources */,
			);
			buildRules = (
			);
			dependencies = (
			);
			name = HspTest;
			productName = HspTest;
			productReference = C24C25F5275F50C700E0FC0D /* HspTest.app */;
			productType = "com.apple.product-type.application";
		};
/* End PBXNativeTarget section */

/* Begin PBXProject section */
		C24C25ED275F50C700E0FC0D /* Project object */ = {
			isa = PBXProject;
			attributes = {
				BuildIndependentTargetsInParallel = 1;
				LastSwiftUpdateCheck = 1310;
				LastUpgradeCheck = 1310;
				TargetAttributes = {
					C24C25F4275F50C700E0FC0D = {
						CreatedOnToolsVersion = 13.1;
					};
				};
			};
			buildConfigurationList = C24C25F0275F50C700E0FC0D /* Build configuration list for PBXProject "HspTest" */;
			compatibilityVersion = "Xcode 13.0";
			developmentRegion = en;
			hasScannedForEncodings = 0;
			knownRegions = (
				en,
				Base,
			);
			mainGroup = C24C25EC275F50C700E0FC0D;
			productRefGroup = C24C25F6275F50C700E0FC0D /* Products */;
			projectDirPath = "";
			projectRoot = "";
			targets = (
				C24C25F4275F50C700E0FC0D /* HspTest */,
			);
		};
/* End PBXProject section */

/* Begin PBXResourcesBuildPhase section */
		C24C25F3275F50C700E0FC0D /* Resources */ = {
			isa = PBXResourcesBuildPhase;
			buildActionMask = 2147483647;
			files = (
				C24C2605275F50D200E0FC0D /* LaunchScreen.storyboard in Resources */,
				C24C2602275F50D200E0FC0D /* Assets.xcassets in Resources */,
				C24C2611275F73F400E0FC0D /* huninn.ttf in Resources */,
				C24C2600275F50C700E0FC0D /* Main.storyboard in Resources */,
			);
			runOnlyForDeploymentPostprocessing = 0;
		};
/* End PBXResourcesBuildPhase section */

/* Begin PBXSourcesBuildPhase section */
		C24C25F1275F50C700E0FC0D /* Sources */ = {
			isa = PBXSourcesBuildPhase;
			buildActionMask = 2147483647;
			files = (
				C24C260F275F5D9A00E0FC0D /* ResultViewController.swift in Sources */,
				C24C25FD275F50C700E0FC0D /* QuestionViewController.swift in Sources */,
				C24C260D275F52B600E0FC0D /* Question.swift in Sources */,
				C24C25F9275F50C700E0FC0D /* AppDelegate.swift in Sources */,
				C24C25FB275F50C700E0FC0D /* SceneDelegate.swift in Sources */,
			);
			runOnlyForDeploymentPostprocessing = 0;
		};
/* End PBXSourcesBuildPhase section */

/* Begin PBXVariantGroup section */
		C24C25FE275F50C700E0FC0D /* Main.storyboard */ = {
			isa = PBXVariantGroup;
			children = (
				C24C25FF275F50C700E0FC0D /* Base */,
			);
			name = Main.storyboard;
			sourceTree = "<group>";
		};
		C24C2603275F50D200E0FC0D /* LaunchScreen.storyboard */ = {
			isa = PBXVariantGroup;
			children = (
				C24C2604275F50D200E0FC0D /* Base */,
			);
			name = LaunchScreen.storyboard;
			sourceTree = "<group>";
		};
/* End PBXVariantGroup section */

/* Begin XCBuildConfiguration section */
		C24C2607275F50D200E0FC0D /* Debug */ = {
			isa = XCBuildConfiguration;
			buildSettings = {
				ALWAYS_SEARCH_USER_PATHS = NO;
				CLANG_ANALYZER_NONNULL = YES;
				CLANG_ANALYZER_NUMBER_OBJECT_CONVERSION = YES_AGGRESSIVE;
				CLANG_CXX_LANGUAGE_STANDARD = "gnu++17";
				CLANG_CXX_LIBRARY = "libc++";
				CLANG_ENABLE_MODULES = YES;
				CLANG_ENABLE_OBJC_ARC = YES;
				CLANG_ENABLE_OBJC_WEAK = YES;
				CLANG_WARN_BLOCK_CAPTURE_AUTORELEASING = YES;
				CLANG_WARN_BOOL_CONVERSION = YES;
				CLANG_WARN_COMMA = YES;
				CLANG_WARN_CONSTANT_CONVERSION = YES;
				CLANG_WARN_DEPRECATED_OBJC_IMPLEMENTATIONS = YES;
				CLANG_WARN_DIRECT_OBJC_ISA_USAGE = YES_ERROR;
				CLANG_WARN_DOCUMENTATION_COMMENTS = YES;
				CLANG_WARN_EMPTY_BODY = YES;
				CLANG_WARN_ENUM_CONVERSION = YES;
				CLANG_WARN_INFINITE_RECURSION = YES;
				CLANG_WARN_INT_CONVERSION = YES;
				CLANG_WARN_NON_LITERAL_NULL_CONVERSION = YES;
				CLANG_WARN_OBJC_IMPLICIT_RETAIN_SELF = YES;
				CLANG_WARN_OBJC_LITERAL_CONVERSION = YES;
				CLANG_WARN_OBJC_ROOT_CLASS = YES_ERROR;
				CLANG_WARN_QUOTED_INCLUDE_IN_FRAMEWORK_HEADER = YES;
				CLANG_WARN_RANGE_LOOP_ANALYSIS = YES;
				CLANG_WARN_STRICT_PROTOTYPES = YES;
				CLANG_WARN_SUSPICIOUS_MOVE = YES;
				CLANG_WARN_UNGUARDED_AVAILABILITY = YES_AGGRESSIVE;
				CLANG_WARN_UNREACHABLE_CODE = YES;
				CLANG_WARN__DUPLICATE_METHOD_MATCH = YES;
				COPY_PHASE_STRIP = NO;
				DEBUG_INFORMATION_FORMAT = dwarf;
				ENABLE_STRICT_OBJC_MSGSEND = YES;
				ENABLE_TESTABILITY = YES;
				GCC_C_LANGUAGE_STANDARD = gnu11;
				GCC_DYNAMIC_NO_PIC = NO;
				GCC_NO_COMMON_BLOCKS = YES;
				GCC_OPTIMIZATION_LEVEL = 0;
				GCC_PREPROCESSOR_DEFINITIONS = (
					"DEBUG=1",
					"$(inherited)",
				);
				GCC_WARN_64_TO_32_BIT_CONVERSION = YES;
				GCC_WARN_ABOUT_RETURN_TYPE = YES_ERROR;
				GCC_WARN_UNDECLARED_SELECTOR = YES;
				GCC_WARN_UNINITIALIZED_AUTOS = YES_AGGRESSIVE;
				GCC_WARN_UNUSED_FUNCTION = YES;
				GCC_WARN_UNUSED_VARIABLE = YES;
				IPHONEOS_DEPLOYMENT_TARGET = 15.0;
				MTL_ENABLE_DEBUG_INFO = INCLUDE_SOURCE;
				MTL_FAST_MATH = YES;
				ONLY_ACTIVE_ARCH = YES;
				SDKROOT = iphoneos;
				SWIFT_ACTIVE_COMPILATION_CONDITIONS = DEBUG;
				SWIFT_OPTIMIZATION_LEVEL = "-Onone";
			};
			name = Debug;
		};
		C24C2608275F50D200E0FC0D /* Release */ = {
			isa = XCBuildConfiguration;
			buildSettings = {
				ALWAYS_SEARCH_USER_PATHS = NO;
				CLANG_ANALYZER_NONNULL = YES;
				CLANG_ANALYZER_NUMBER_OBJECT_CONVERSION = YES_AGGRESSIVE;
				CLANG_CXX_LANGUAGE_STANDARD = "gnu++17";
				CLANG_CXX_LIBRARY = "libc++";
				CLANG_ENABLE_MODULES = YES;
				CLANG_ENABLE_OBJC_ARC = YES;
				CLANG_ENABLE_OBJC_WEAK = YES;
				CLANG_WARN_BLOCK_CAPTURE_AUTORELEASING = YES;
				CLANG_WARN_BOOL_CONVERSION = YES;
				CLANG_WARN_COMMA = YES;
				CLANG_WARN_CONSTANT_CONVERSION = YES;
				CLANG_WARN_DEPRECATED_OBJC_IMPLEMENTATIONS = YES;
				CLANG_WARN_DIRECT_OBJC_ISA_USAGE = YES_ERROR;
				CLANG_WARN_DOCUMENTATION_COMMENTS = YES;
				CLANG_WARN_EMPTY_BODY = YES;
				CLANG_WARN_ENUM_CONVERSION = YES;
				CLANG_WARN_INFINITE_RECURSION = YES;
				CLANG_WARN_INT_CONVERSION = YES;
				CLANG_WARN_NON_LITERAL_NULL_CONVERSION = YES;
				CLANG_WARN_OBJC_IMPLICIT_RETAIN_SELF = YES;
				CLANG_WARN_OBJC_LITERAL_CONVERSION = YES;
				CLANG_WARN_OBJC_ROOT_CLASS = YES_ERROR;
				CLANG_WARN_QUOTED_INCLUDE_IN_FRAMEWORK_HEADER = YES;
				CLANG_WARN_RANGE_LOOP_ANALYSIS = YES;
				CLANG_WARN_STRICT_PROTOTYPES = YES;
				CLANG_WARN_SUSPICIOUS_MOVE = YES;
				CLANG_WARN_UNGUARDED_AVAILABILITY = YES_AGGRESSIVE;
				CLANG_WARN_UNREACHABLE_CODE = YES;
				CLANG_WARN__DUPLICATE_METHOD_MATCH = YES;
				COPY_PHASE_STRIP = NO;
				DEBUG_INFORMATION_FORMAT = "dwarf-with-dsym";
				ENABLE_NS_ASSERTIONS = NO;
				ENABLE_STRICT_OBJC_MSGSEND = YES;
				GCC_C_LANGUAGE_STANDARD = gnu11;
				GCC_NO_COMMON_BLOCKS = YES;
				GCC_WARN_64_TO_32_BIT_CONVERSION = YES;
				GCC_WARN_ABOUT_RETURN_TYPE = YES_ERROR;
				GCC_WARN_UNDECLARED_SELECTOR = YES;
				GCC_WARN_UNINITIALIZED_AUTOS = YES_AGGRESSIVE;
				GCC_WARN_UNUSED_FUNCTION = YES;
				GCC_WARN_UNUSED_VARIABLE = YES;
				IPHONEOS_DEPLOYMENT_TARGET = 15.0;
				MTL_ENABLE_DEBUG_INFO = NO;
				MTL_FAST_MATH = YES;
				SDKROOT = iphoneos;
				SWIFT_COMPILATION_MODE = wholemodule;
				SWIFT_OPTIMIZATION_LEVEL = "-O";
				VALIDATE_PRODUCT = YES;
			};
			name = Release;
		};
		C24C260A275F50D200E0FC0D /* Debug */ = {
			isa = XCBuildConfiguration;
			buildSettings = {
				ASSETCATALOG_COMPILER_APPICON_NAME = AppIcon;
				ASSETCATALOG_COMPILER_GLOBAL_ACCENT_COLOR_NAME = AccentColor;
				CODE_SIGN_STYLE = Automatic;
				CURRENT_PROJECT_VERSION = 1;
				DEVELOPMENT_TEAM = 3U7YW6923F;
				GENERATE_INFOPLIST_FILE = YES;
				INFOPLIST_FILE = HspTest/Info.plist;
				INFOPLIST_KEY_UIApplicationSupportsIndirectInputEvents = YES;
				INFOPLIST_KEY_UILaunchStoryboardName = LaunchScreen;
				INFOPLIST_KEY_UIMainStoryboardFile = Main;
				INFOPLIST_KEY_UISupportedInterfaceOrientations_iPad = "UIInterfaceOrientationPortrait UIInterfaceOrientationPortraitUpsideDown UIInterfaceOrientationLandscapeLeft UIInterfaceOrientationLandscapeRight";
				INFOPLIST_KEY_UISupportedInterfaceOrientations_iPhone = "UIInterfaceOrientationPortrait UIInterfaceOrientationLandscapeLeft UIInterfaceOrientationLandscapeRight";
				LD_RUNPATH_SEARCH_PATHS = (
					"$(inherited)",
					"@executable_path/Frameworks",
				);
				MARKETING_VERSION = 1.0;
				PRODUCT_BUNDLE_IDENTIFIER = com.codebear.HspTest;
				PRODUCT_NAME = "$(TARGET_NAME)";
				SWIFT_EMIT_LOC_STRINGS = YES;
				SWIFT_VERSION = 5.0;
				TARGETED_DEVICE_FAMILY = "1,2";
			};
			name = Debug;
		};
		C24C260B275F50D200E0FC0D /* Release */ = {
			isa = XCBuildConfiguration;
			buildSettings = {
				ASSETCATALOG_COMPILER_APPICON_NAME = AppIcon;
				ASSETCATALOG_COMPILER_GLOBAL_ACCENT_COLOR_NAME = AccentColor;
				CODE_SIGN_STYLE = Automatic;
				CURRENT_PROJECT_VERSION = 1;
				DEVELOPMENT_TEAM = 3U7YW6923F;
				GENERATE_INFOPLIST_FILE = YES;
				INFOPLIST_FILE = HspTest/Info.plist;
				INFOPLIST_KEY_UIApplicationSupportsIndirectInputEvents = YES;
				INFOPLIST_KEY_UILaunchStoryboardName = LaunchScreen;
				INFOPLIST_KEY_UIMainStoryboardFile = Main;
				INFOPLIST_KEY_UISupportedInterfaceOrientations_iPad = "UIInterfaceOrientationPortrait UIInterfaceOrientationPortraitUpsideDown UIInterfaceOrientationLandscapeLeft UIInterfaceOrientationLandscapeRight";
				INFOPLIST_KEY_UISupportedInterfaceOrientations_iPhone = "UIInterfaceOrientationPortrait UIInterfaceOrientationLandscapeLeft UIInterfaceOrientationLandscapeRight";
				LD_RUNPATH_SEARCH_PATHS = (
					"$(inherited)",
					"@executable_path/Frameworks",
				);
				MARKETING_VERSION = 1.0;
				PRODUCT_BUNDLE_IDENTIFIER = com.codebear.HspTest;
				PRODUCT_NAME = "$(TARGET_NAME)";
				SWIFT_EMIT_LOC_STRINGS = YES;
				SWIFT_VERSION = 5.0;
				TARGETED_DEVICE_FAMILY = "1,2";
			};
			name = Release;
		};
/* End XCBuildConfiguration section */

/* Begin XCConfigurationList section */
		C24C25F0275F50C700E0FC0D /* Build configuration list for PBXProject "HspTest" */ = {
			isa = XCConfigurationList;
			buildConfigurations = (
				C24C2607275F50D200E0FC0D /* Debug */,
				C24C2608275F50D200E0FC0D /* Release */,
			);
			defaultConfigurationIsVisible = 0;
			defaultConfigurationName = Release;
		};
		C24C2609275F50D200E0FC0D /* Build configuration list for PBXNativeTarget "HspTest" */ = {
			isa = XCConfigurationList;
			buildConfigurations = (
				C24C260A275F50D200E0FC0D /* Debug */,
				C24C260B275F50D200E0FC0D /* Release */,
			);
			defaultConfigurationIsVisible = 0;
			defaultConfigurationName = Release;
		};
/* End XCConfigurationList section */
	};
	rootObject = C24C25ED275F50C700E0FC0D /* Project object */;
}
